// !$*UTF8*$!
{
	archiveVersion = 1;
	classes = {
	};
	objectVersion = 50;
	objects = {

/* Begin PBXBuildFile section */
		141774C82414935A00BC98A8 /* AppDelegate.swift in Sources */ = {isa = PBXBuildFile; fileRef = 141774C72414935A00BC98A8 /* AppDelegate.swift */; };
		141774CA2414935A00BC98A8 /* ViewController.swift in Sources */ = {isa = PBXBuildFile; fileRef = 141774C92414935A00BC98A8 /* ViewController.swift */; };
		141774CD2414935A00BC98A8 /* Main.storyboard in Resources */ = {isa = PBXBuildFile; fileRef = 141774CB2414935A00BC98A8 /* Main.storyboard */; };
		141774CF2414935C00BC98A8 /* Assets.xcassets in Resources */ = {isa = PBXBuildFile; fileRef = 141774CE2414935C00BC98A8 /* Assets.xcassets */; };
		141774D22414935C00BC98A8 /* LaunchScreen.storyboard in Resources */ = {isa = PBXBuildFile; fileRef = 141774D02414935C00BC98A8 /* LaunchScreen.storyboard */; };
		141774DC241494AF00BC98A8 /* PlaceListTableViewController.swift in Sources */ = {isa = PBXBuildFile; fileRef = 141774DB241494AF00BC98A8 /* PlaceListTableViewController.swift */; };
		141774DE2414954A00BC98A8 /* places.json in Resources */ = {isa = PBXBuildFile; fileRef = 141774DD2414954A00BC98A8 /* places.json */; };
		141774E0241495BE00BC98A8 /* PlaceDescription.swift in Sources */ = {isa = PBXBuildFile; fileRef = 141774DF241495BE00BC98A8 /* PlaceDescription.swift */; };
		141774E22414960100BC98A8 /* PlaceLibrary.swift in Sources */ = {isa = PBXBuildFile; fileRef = 141774E12414960100BC98A8 /* PlaceLibrary.swift */; };
		141774E424149BD400BC98A8 /* AddPlaceControllerViewController.swift in Sources */ = {isa = PBXBuildFile; fileRef = 141774E324149BD400BC98A8 /* AddPlaceControllerViewController.swift */; };
		141774E62415931E00BC98A8 /* AppUtility.swift in Sources */ = {isa = PBXBuildFile; fileRef = 141774E52415931E00BC98A8 /* AppUtility.swift */; };
/* End PBXBuildFile section */

/* Begin PBXFileReference section */
		141774C42414935A00BC98A8 /* Assignment4.app */ = {isa = PBXFileReference; explicitFileType = wrapper.application; includeInIndex = 0; path = Assignment4.app; sourceTree = BUILT_PRODUCTS_DIR; };
		141774C72414935A00BC98A8 /* AppDelegate.swift */ = {isa = PBXFileReference; lastKnownFileType = sourcecode.swift; path = AppDelegate.swift; sourceTree = "<group>"; };
		141774C92414935A00BC98A8 /* ViewController.swift */ = {isa = PBXFileReference; lastKnownFileType = sourcecode.swift; path = ViewController.swift; sourceTree = "<group>"; };
		141774CC2414935A00BC98A8 /* Base */ = {isa = PBXFileReference; lastKnownFileType = file.storyboard; name = Base; path = Base.lproj/Main.storyboard; sourceTree = "<group>"; };
		141774CE2414935C00BC98A8 /* Assets.xcassets */ = {isa = PBXFileReference; lastKnownFileType = folder.assetcatalog; path = Assets.xcassets; sourceTree = "<group>"; };
		141774D12414935C00BC98A8 /* Base */ = {isa = PBXFileReference; lastKnownFileType = file.storyboard; name = Base; path = Base.lproj/LaunchScreen.storyboard; sourceTree = "<group>"; };
		141774D32414935C00BC98A8 /* Info.plist */ = {isa = PBXFileReference; lastKnownFileType = text.plist.xml; path = Info.plist; sourceTree = "<group>"; };
		141774DB241494AF00BC98A8 /* PlaceListTableViewController.swift */ = {isa = PBXFileReference; lastKnownFileType = sourcecode.swift; path = PlaceListTableViewController.swift; sourceTree = "<group>"; };
		141774DD2414954A00BC98A8 /* places.json */ = {isa = PBXFileReference; lastKnownFileType = text.json; path = places.json; sourceTree = "<group>"; };
		141774DF241495BE00BC98A8 /* PlaceDescription.swift */ = {isa = PBXFileReference; lastKnownFileType = sourcecode.swift; path = PlaceDescription.swift; sourceTree = "<group>"; };
		141774E12414960100BC98A8 /* PlaceLibrary.swift */ = {isa = PBXFileReference; lastKnownFileType = sourcecode.swift; path = PlaceLibrary.swift; sourceTree = "<group>"; };
		141774E324149BD400BC98A8 /* AddPlaceControllerViewController.swift */ = {isa = PBXFileReference; lastKnownFileType = sourcecode.swift; path = AddPlaceControllerViewController.swift; sourceTree = "<group>"; };
		141774E52415931E00BC98A8 /* AppUtility.swift */ = {isa = PBXFileReference; lastKnownFileType = sourcecode.swift; path = AppUtility.swift; sourceTree = "<group>"; };
/* End PBXFileReference section */

/* Begin PBXFrameworksBuildPhase section */
		141774C12414935A00BC98A8 /* Frameworks */ = {
			isa = PBXFrameworksBuildPhase;
			buildActionMask = 2147483647;
			files = (
			);
			runOnlyForDeploymentPostprocessing = 0;
		};
/* End PBXFrameworksBuildPhase section */

/* Begin PBXGroup section */
		141774BB2414935A00BC98A8 = {
			isa = PBXGroup;
			children = (
				141774C62414935A00BC98A8 /* Assignment4 */,
				141774C52414935A00BC98A8 /* Products */,
			);
			sourceTree = "<group>";
		};
		141774C52414935A00BC98A8 /* Products */ = {
			isa = PBXGroup;
			children = (
				141774C42414935A00BC98A8 /* Assignment4.app */,
			);
			name = Products;
			sourceTree = "<group>";
		};
		141774C62414935A00BC98A8 /* Assignment4 */ = {
			isa = PBXGroup;
			children = (
				141774C72414935A00BC98A8 /* AppDelegate.swift */,
				141774C92414935A00BC98A8 /* ViewController.swift */,
				141774CB2414935A00BC98A8 /* Main.storyboard */,
				141774CE2414935C00BC98A8 /* Assets.xcassets */,
				141774D02414935C00BC98A8 /* LaunchScreen.storyboard */,
				141774D32414935C00BC98A8 /* Info.plist */,
				141774DB241494AF00BC98A8 /* PlaceListTableViewController.swift */,
				141774DD2414954A00BC98A8 /* places.json */,
				141774DF241495BE00BC98A8 /* PlaceDescription.swift */,
				141774E12414960100BC98A8 /* PlaceLibrary.swift */,
				141774E324149BD400BC98A8 /* AddPlaceControllerViewController.swift */,
				141774E52415931E00BC98A8 /* AppUtility.swift */,
			);
			path = Assignment4;
			sourceTree = "<group>";
		};
/* End PBXGroup section */

/* Begin PBXNativeTarget section */
		141774C32414935A00BC98A8 /* Assignment4 */ = {
			isa = PBXNativeTarget;
			buildConfigurationList = 141774D62414935C00BC98A8 /* Build configuration list for PBXNativeTarget "Assignment4" */;
			buildPhases = (
				141774C02414935A00BC98A8 /* Sources */,
				141774C12414935A00BC98A8 /* Frameworks */,
				141774C22414935A00BC98A8 /* Resources */,
			);
			buildRules = (
			);
			dependencies = (
			);
			name = Assignment4;
			productName = Assignment4;
			productReference = 141774C42414935A00BC98A8 /* Assignment4.app */;
			productType = "com.apple.product-type.application";
		};
/* End PBXNativeTarget section */

/* Begin PBXProject section */
		141774BC2414935A00BC98A8 /* Project object */ = {
			isa = PBXProject;
			attributes = {
				LastSwiftUpdateCheck = 1030;
				LastUpgradeCheck = 1030;
				ORGANIZATIONNAME = "Rohit ";
				TargetAttributes = {
					141774C32414935A00BC98A8 = {
						CreatedOnToolsVersion = 10.3;
					};
				};
			};
			buildConfigurationList = 141774BF2414935A00BC98A8 /* Build configuration list for PBXProject "Assignment4" */;
			compatibilityVersion = "Xcode 9.3";
			developmentRegion = en;
			hasScannedForEncodings = 0;
			knownRegions = (
				en,
				Base,
			);
			mainGroup = 141774BB2414935A00BC98A8;
			productRefGroup = 141774C52414935A00BC98A8 /* Products */;
			projectDirPath = "";
			projectRoot = "";
			targets = (
				141774C32414935A00BC98A8 /* Assignment4 */,
			);
		};
/* End PBXProject section */

/* Begin PBXResourcesBuildPhase section */
		141774C22414935A00BC98A8 /* Resources */ = {
			isa = PBXResourcesBuildPhase;
			buildActionMask = 2147483647;
			files = (
				141774D22414935C00BC98A8 /* LaunchScreen.storyboard in Resources */,
				141774CF2414935C00BC98A8 /* Assets.xcassets in Resources */,
				141774CD2414935A00BC98A8 /* Main.storyboard in Resources */,
				141774DE2414954A00BC98A8 /* places.json in Resources */,
			);
			runOnlyForDeploymentPostprocessing = 0;
		};
/* End PBXResourcesBuildPhase section */

/* Begin PBXSourcesBuildPhase section */
		141774C02414935A00BC98A8 /* Sources */ = {
			isa = PBXSourcesBuildPhase;
			buildActionMask = 2147483647;
			files = (
				141774E62415931E00BC98A8 /* AppUtility.swift in Sources */,
				141774CA2414935A00BC98A8 /* ViewController.swift in Sources */,
				141774DC241494AF00BC98A8 /* PlaceListTableViewController.swift in Sources */,
				141774E0241495BE00BC98A8 /* PlaceDescription.swift in Sources */,
				141774E22414960100BC98A8 /* PlaceLibrary.swift in Sources */,
				141774E424149BD400BC98A8 /* AddPlaceControllerViewController.swift in Sources */,
				141774C82414935A00BC98A8 /* AppDelegate.swift in Sources */,
			);
			runOnlyForDeploymentPostprocessing = 0;
		};
/* End PBXSourcesBuildPhase section */

/* Begin PBXVariantGroup section */
		141774CB2414935A00BC98A8 /* Main.storyboard */ = {
			isa = PBXVariantGroup;
			children = (
				141774CC2414935A00BC98A8 /* Base */,
			);
			name = Main.storyboard;
			sourceTree = "<group>";
		};
		141774D02414935C00BC98A8 /* LaunchScreen.storyboard */ = {
			isa = PBXVariantGroup;
			children = (
				141774D12414935C00BC98A8 /* Base */,
			);
			name = LaunchScreen.storyboard;
			sourceTree = "<group>";
		};
/* End PBXVariantGroup section */

/* Begin XCBuildConfiguration section */
		141774D42414935C00BC98A8 /* Debug */ = {
			isa = XCBuildConfiguration;
			buildSettings = {
				ALWAYS_SEARCH_USER_PATHS = NO;
				CLANG_ANALYZER_NONNULL = YES;
				CLANG_ANALYZER_NUMBER_OBJECT_CONVERSION = YES_AGGRESSIVE;
				CLANG_CXX_LANGUAGE_STANDARD = "gnu++14";
				CLANG_CXX_LIBRARY = "libc++";
				CLANG_ENABLE_MODULES = YES;
				CLANG_ENABLE_OBJC_ARC = YES;
				CLANG_ENABLE_OBJC_WEAK = YES;
				CLANG_WARN_BLOCK_CAPTURE_AUTORELEASING = YES;
				CLANG_WARN_BOOL_CONVERSION = YES;
				CLANG_WARN_COMMA = YES;
				CLANG_WARN_CONSTANT_CONVERSION = YES;
				CLANG_WARN_DEPRECATED_OBJC_IMPLEMENTATIONS = YES;
				CLANG_WARN_DIRECT_OBJC_ISA_USAGE = YES_ERROR;
				CLANG_WARN_DOCUMENTATION_COMMENTS = YES;
				CLANG_WARN_EMPTY_BODY = YES;
				CLANG_WARN_ENUM_CONVERSION = YES;
				CLANG_WARN_INFINITE_RECURSION = YES;
				CLANG_WARN_INT_CONVERSION = YES;
				CLANG_WARN_NON_LITERAL_NULL_CONVERSION = YES;
				CLANG_WARN_OBJC_IMPLICIT_RETAIN_SELF = YES;
				CLANG_WARN_OBJC_LITERAL_CONVERSION = YES;
				CLANG_WARN_OBJC_ROOT_CLASS = YES_ERROR;
				CLANG_WARN_RANGE_LOOP_ANALYSIS = YES;
				CLANG_WARN_STRICT_PROTOTYPES = YES;
				CLANG_WARN_SUSPICIOUS_MOVE = YES;
				CLANG_WARN_UNGUARDED_AVAILABILITY = YES_AGGRESSIVE;
				CLANG_WARN_UNREACHABLE_CODE = YES;
				CLANG_WARN__DUPLICATE_METHOD_MATCH = YES;
				CODE_SIGN_IDENTITY = "iPhone Developer";
				COPY_PHASE_STRIP = NO;
				DEBUG_INFORMATION_FORMAT = dwarf;
				ENABLE_STRICT_OBJC_MSGSEND = YES;
				ENABLE_TESTABILITY = YES;
				GCC_C_LANGUAGE_STANDARD = gnu11;
				GCC_DYNAMIC_NO_PIC = NO;
				GCC_NO_COMMON_BLOCKS = YES;
				GCC_OPTIMIZATION_LEVEL = 0;
				GCC_PREPROCESSOR_DEFINITIONS = (
					"DEBUG=1",
					"$(inherited)",
				);
				GCC_WARN_64_TO_32_BIT_CONVERSION = YES;
				GCC_WARN_ABOUT_RETURN_TYPE = YES_ERROR;
				GCC_WARN_UNDECLARED_SELECTOR = YES;
				GCC_WARN_UNINITIALIZED_AUTOS = YES_AGGRESSIVE;
				GCC_WARN_UNUSED_FUNCTION = YES;
				GCC_WARN_UNUSED_VARIABLE = YES;
				IPHONEOS_DEPLOYMENT_TARGET = 12.4;
				MTL_ENABLE_DEBUG_INFO = INCLUDE_SOURCE;
				MTL_FAST_MATH = YES;
				ONLY_ACTIVE_ARCH = YES;
				SDKROOT = iphoneos;
				SWIFT_ACTIVE_COMPILATION_CONDITIONS = DEBUG;
				SWIFT_OPTIMIZATION_LEVEL = "-Onone";
			};
			name = Debug;
		};
		141774D52414935C00BC98A8 /* Release */ = {
			isa = XCBuildConfiguration;
			buildSettings = {
				ALWAYS_SEARCH_USER_PATHS = NO;
				CLANG_ANALYZER_NONNULL = YES;
				CLANG_ANALYZER_NUMBER_OBJECT_CONVERSION = YES_AGGRESSIVE;
				CLANG_CXX_LANGUAGE_STANDARD = "gnu++14";
				CLANG_CXX_LIBRARY = "libc++";
				CLANG_ENABLE_MODULES = YES;
				CLANG_ENABLE_OBJC_ARC = YES;
				CLANG_ENABLE_OBJC_WEAK = YES;
				CLANG_WARN_BLOCK_CAPTURE_AUTORELEASING = YES;
				CLANG_WARN_BOOL_CONVERSION = YES;
				CLANG_WARN_COMMA = YES;
				CLANG_WARN_CONSTANT_CONVERSION = YES;
				CLANG_WARN_DEPRECATED_OBJC_IMPLEMENTATIONS = YES;
				CLANG_WARN_DIRECT_OBJC_ISA_USAGE = YES_ERROR;
				CLANG_WARN_DOCUMENTATION_COMMENTS = YES;
				CLANG_WARN_EMPTY_BODY = YES;
				CLANG_WARN_ENUM_CONVERSION = YES;
				CLANG_WARN_INFINITE_RECURSION = YES;
				CLANG_WARN_INT_CONVERSION = YES;
				CLANG_WARN_NON_LITERAL_NULL_CONVERSION = YES;
				CLANG_WARN_OBJC_IMPLICIT_RETAIN_SELF = YES;
				CLANG_WARN_OBJC_LITERAL_CONVERSION = YES;
				CLANG_WARN_OBJC_ROOT_CLASS = YES_ERROR;
				CLANG_WARN_RANGE_LOOP_ANALYSIS = YES;
				CLANG_WARN_STRICT_PROTOTYPES = YES;
				CLANG_WARN_SUSPICIOUS_MOVE = YES;
				CLANG_WARN_UNGUARDED_AVAILABILITY = YES_AGGRESSIVE;
				CLANG_WARN_UNREACHABLE_CODE = YES;
				CLANG_WARN__DUPLICATE_METHOD_MATCH = YES;
				CODE_SIGN_IDENTITY = "iPhone Developer";
				COPY_PHASE_STRIP = NO;
				DEBUG_INFORMATION_FORMAT = "dwarf-with-dsym";
				ENABLE_NS_ASSERTIONS = NO;
				ENABLE_STRICT_OBJC_MSGSEND = YES;
				GCC_C_LANGUAGE_STANDARD = gnu11;
				GCC_NO_COMMON_BLOCKS = YES;
				GCC_WARN_64_TO_32_BIT_CONVERSION = YES;
				GCC_WARN_ABOUT_RETURN_TYPE = YES_ERROR;
				GCC_WARN_UNDECLARED_SELECTOR = YES;
				GCC_WARN_UNINITIALIZED_AUTOS = YES_AGGRESSIVE;
				GCC_WARN_UNUSED_FUNCTION = YES;
				GCC_WARN_UNUSED_VARIABLE = YES;
				IPHONEOS_DEPLOYMENT_TARGET = 12.4;
				MTL_ENABLE_DEBUG_INFO = NO;
				MTL_FAST_MATH = YES;
				SDKROOT = iphoneos;
				SWIFT_COMPILATION_MODE = wholemodule;
				SWIFT_OPTIMIZATION_LEVEL = "-O";
				VALIDATE_PRODUCT = YES;
			};
			name = Release;
		};
		141774D72414935C00BC98A8 /* Debug */ = {
			isa = XCBuildConfiguration;
			buildSettings = {
				ASSETCATALOG_COMPILER_APPICON_NAME = AppIcon;
				CODE_SIGN_STYLE = Automatic;
				INFOPLIST_FILE = Assignment4/Info.plist;
				LD_RUNPATH_SEARCH_PATHS = (
					"$(inherited)",
					"@executable_path/Frameworks",
				);
				PRODUCT_BUNDLE_IDENTIFIER = edu.asu.msse.rsingh92.assignment4.Assignment4;
				PRODUCT_NAME = "$(TARGET_NAME)";
				SWIFT_VERSION = 5.0;
				TARGETED_DEVICE_FAMILY = "1,2";
			};
			name = Debug;
		};
		141774D82414935C00BC98A8 /* Release */ = {
			isa = XCBuildConfiguration;
			buildSettings = {
				ASSETCATALOG_COMPILER_APPICON_NAME = AppIcon;
				CODE_SIGN_STYLE = Automatic;
				INFOPLIST_FILE = Assignment4/Info.plist;
				LD_RUNPATH_SEARCH_PATHS = (
					"$(inherited)",
					"@executable_path/Frameworks",
				);
				PRODUCT_BUNDLE_IDENTIFIER = edu.asu.msse.rsingh92.assignment4.Assignment4;
				PRODUCT_NAME = "$(TARGET_NAME)";
				SWIFT_VERSION = 5.0;
				TARGETED_DEVICE_FAMILY = "1,2";
			};
			name = Release;
		};
/* End XCBuildConfiguration section */

/* Begin XCConfigurationList section */
		141774BF2414935A00BC98A8 /* Build configuration list for PBXProject "Assignment4" */ = {
			isa = XCConfigurationList;
			buildConfigurations = (
				141774D42414935C00BC98A8 /* Debug */,
				141774D52414935C00BC98A8 /* Release */,
			);
			defaultConfigurationIsVisible = 0;
			defaultConfigurationName = Release;
		};
		141774D62414935C00BC98A8 /* Build configuration list for PBXNativeTarget "Assignment4" */ = {
			isa = XCConfigurationList;
			buildConfigurations = (
				141774D72414935C00BC98A8 /* Debug */,
				141774D82414935C00BC98A8 /* Release */,
			);
			defaultConfigurationIsVisible = 0;
			defaultConfigurationName = Release;
		};
/* End XCConfigurationList section */
	};
	rootObject = 141774BC2414935A00BC98A8 /* Project object */;
}
